
Microsoft Visual Studio Solution File, Format Version 12.00
# Visual Studio Version 17
VisualStudioVersion = 17.14.36221.1
MinimumVisualStudioVersion = 10.0.40219.1
Project("{2150E333-8FDC-42A3-9474-1A3956D46DE8}") = "Solution Files", "Solution Files", "{02EA681E-C7D8-13C7-8484-4AC65E1B71E8}"
	ProjectSection(SolutionItems) = preProject
		.gitattributes = .gitattributes
		.gitignore = .gitignore
		Directory.Build.props = Directory.Build.props
		Directory.Packages.props = Directory.Packages.props
		README.md = README.md
	EndProjectSection
EndProject
Project("{2150E333-8FDC-42A3-9474-1A3956D46DE8}") = "src", "src", "{FFE9F5A5-C410-44CF-B66C-42FF12498438}"
EndProject
Project("{2150E333-8FDC-42A3-9474-1A3956D46DE8}") = "Endpoints", "Endpoints", "{80A18431-F5BC-4B5F-8F9F-0E0B999F3702}"
EndProject
Project("{FAE04EC0-301F-11D3-BF4B-00C04F79EFBC}") = "CapituloZero.AppHost", "src\CapituloZero.AppHost\CapituloZero.AppHost.csproj", "{95EF9CB0-BDB9-4362-B32A-ECD05EC67B45}"
EndProject
Project("{FAE04EC0-301F-11D3-BF4B-00C04F79EFBC}") = "CapituloZero.ServiceDefaults", "src\CapituloZero.ServiceDefaults\CapituloZero.ServiceDefaults.csproj", "{06848360-0440-B5C9-1A42-F6E0A494A0C7}"
EndProject
Project("{FAE04EC0-301F-11D3-BF4B-00C04F79EFBC}") = "CapituloZero.Web.Api", "src\CapituloZero.Web.Api\CapituloZero.Web.Api.csproj", "{98D9E76C-38DE-6E77-CC45-525CAD445E7A}"
EndProject
Project("{FAE04EC0-301F-11D3-BF4B-00C04F79EFBC}") = "CapituloZero.Web", "src\CapituloZero.Web\CapituloZero.Web.csproj", "{8C77457E-96CA-D800-6BAE-F15D0A7713D4}"
EndProject
Project("{2150E333-8FDC-42A3-9474-1A3956D46DE8}") = "test", "test", "{09DD145F-4511-4FF5-BF08-1C62EF59D8E6}"
EndProject
Project("{FAE04EC0-301F-11D3-BF4B-00C04F79EFBC}") = "CapituloZero.Domain", "src\CapituloZero.Domain\CapituloZero.Domain.csproj", "{3E6BF845-35C7-4FA0-870D-7258BE273227}"
EndProject
Project("{FAE04EC0-301F-11D3-BF4B-00C04F79EFBC}") = "CapituloZero.SharedKernel.Tests", "test\CapituloZero.SharedKernel.Tests\CapituloZero.SharedKernel.Tests.csproj", "{33A7C9A1-CE72-4E7F-9D31-99AF3961D255}"
EndProject
Project("{FAE04EC0-301F-11D3-BF4B-00C04F79EFBC}") = "CapituloZero.Domain.Tests", "test\CapituloZero.Domain.Tests\CapituloZero.Domain.Tests.csproj", "{7BC1B2F9-6FC3-4F1A-BD22-5FBC8B68CF14}"
EndProject
Project("{FAE04EC0-301F-11D3-BF4B-00C04F79EFBC}") = "CapituloZero.Application.Tests", "test\CapituloZero.Application.Tests\CapituloZero.Application.Tests.csproj", "{A9C4B4B6-45E6-4A7B-8A75-4F7C65D1B676}"
EndProject
Project("{FAE04EC0-301F-11D3-BF4B-00C04F79EFBC}") = "CapituloZero.ArchitectureTests", "test\CapituloZero.ArchitectureTests\CapituloZero.ArchitectureTests.csproj", "{287B2A4D-4C5E-4F52-A5D3-1A8B8E1B0D5A}"
EndProject
Project("{FAE04EC0-301F-11D3-BF4B-00C04F79EFBC}") = "CapituloZero.Web.Api.Tests", "test\CapituloZero.Web.Api.Tests\CapituloZero.Web.Api.Tests.csproj", "{8B2B6F70-8E9C-4B79-8E3B-3A7D6D9A2C77}"
EndProject
Project("{FAE04EC0-301F-11D3-BF4B-00C04F79EFBC}") = "CapituloZero.Infrastructure.Tests", "test\CapituloZero.Infrastructure.Tests\CapituloZero.Infrastructure.Tests.csproj", "{F8FCA8B8-62F5-4F3C-B564-7F2B6B6D0E9E}"
EndProject
Project("{FAE04EC0-301F-11D3-BF4B-00C04F79EFBC}") = "CapituloZero.SharedKernel", "src\CapituloZero.SharedKernel\CapituloZero.SharedKernel.csproj", "{AB4FF705-013F-4394-ADA2-159F0EA4C924}"
EndProject
Project("{FAE04EC0-301F-11D3-BF4B-00C04F79EFBC}") = "CapituloZero.Infrastructure", "src\CapituloZero.Infrastructure\CapituloZero.Infrastructure.csproj", "{3D1C9075-9DC6-4296-9578-17A34B42D398}"
EndProject
Project("{FAE04EC0-301F-11D3-BF4B-00C04F79EFBC}") = "CapituloZero.Application", "src\CapituloZero.Application\CapituloZero.Application.csproj", "{14F770BA-5868-4D25-8517-CA3FEB30E6E3}"
EndProject
Project("{2150E333-8FDC-42A3-9474-1A3956D46DE8}") = "doc", "doc", "{344234D0-F8BC-48E8-8871-B7FEC711CF0A}"
	ProjectSection(SolutionItems) = preProject
		doc\architecture.md = doc\architecture.md
	EndProjectSection
EndProject
Project("{2150E333-8FDC-42A3-9474-1A3956D46DE8}") = ".github", ".github", "{752607B9-2E03-46C2-87A3-94DDCB4556B2}"
EndProject
Project("{2150E333-8FDC-42A3-9474-1A3956D46DE8}") = "copilot", "copilot", "{C005D4C0-BC57-4044-97F6-C6AB66310808}"
	ProjectSection(SolutionItems) = preProject
		.github\copilot-instructions.md = .github\copilot-instructions.md
	EndProjectSection
EndProject
Global
	GlobalSection(SolutionConfigurationPlatforms) = preSolution
		Debug|Any CPU = Debug|Any CPU
		Release|Any CPU = Release|Any CPU
	EndGlobalSection
	GlobalSection(ProjectConfigurationPlatforms) = postSolution
		{95EF9CB0-BDB9-4362-B32A-ECD05EC67B45}.Debug|Any CPU.ActiveCfg = Debug|Any CPU
		{95EF9CB0-BDB9-4362-B32A-ECD05EC67B45}.Debug|Any CPU.Build.0 = Debug|Any CPU
		{95EF9CB0-BDB9-4362-B32A-ECD05EC67B45}.Release|Any CPU.ActiveCfg = Release|Any CPU
		{95EF9CB0-BDB9-4362-B32A-ECD05EC67B45}.Release|Any CPU.Build.0 = Release|Any CPU
		{06848360-0440-B5C9-1A42-F6E0A494A0C7}.Debug|Any CPU.ActiveCfg = Debug|Any CPU
		{06848360-0440-B5C9-1A42-F6E0A494A0C7}.Debug|Any CPU.Build.0 = Debug|Any CPU
		{06848360-0440-B5C9-1A42-F6E0A494A0C7}.Release|Any CPU.ActiveCfg = Release|Any CPU
		{06848360-0440-B5C9-1A42-F6E0A494A0C7}.Release|Any CPU.Build.0 = Release|Any CPU
		{98D9E76C-38DE-6E77-CC45-525CAD445E7A}.Debug|Any CPU.ActiveCfg = Debug|Any CPU
		{98D9E76C-38DE-6E77-CC45-525CAD445E7A}.Debug|Any CPU.Build.0 = Debug|Any CPU
		{98D9E76C-38DE-6E77-CC45-525CAD445E7A}.Release|Any CPU.ActiveCfg = Release|Any CPU
		{98D9E76C-38DE-6E77-CC45-525CAD445E7A}.Release|Any CPU.Build.0 = Release|Any CPU
		{8C77457E-96CA-D800-6BAE-F15D0A7713D4}.Debug|Any CPU.ActiveCfg = Debug|Any CPU
		{8C77457E-96CA-D800-6BAE-F15D0A7713D4}.Debug|Any CPU.Build.0 = Debug|Any CPU
		{8C77457E-96CA-D800-6BAE-F15D0A7713D4}.Release|Any CPU.ActiveCfg = Release|Any CPU
		{8C77457E-96CA-D800-6BAE-F15D0A7713D4}.Release|Any CPU.Build.0 = Release|Any CPU
		{3E6BF845-35C7-4FA0-870D-7258BE273227}.Debug|Any CPU.ActiveCfg = Debug|Any CPU
		{3E6BF845-35C7-4FA0-870D-7258BE273227}.Debug|Any CPU.Build.0 = Debug|Any CPU
		{3E6BF845-35C7-4FA0-870D-7258BE273227}.Release|Any CPU.ActiveCfg = Release|Any CPU
		{3E6BF845-35C7-4FA0-870D-7258BE273227}.Release|Any CPU.Build.0 = Release|Any CPU
		{AB4FF705-013F-4394-ADA2-159F0EA4C924}.Debug|Any CPU.ActiveCfg = Debug|Any CPU
		{AB4FF705-013F-4394-ADA2-159F0EA4C924}.Debug|Any CPU.Build.0 = Debug|Any CPU
		{AB4FF705-013F-4394-ADA2-159F0EA4C924}.Release|Any CPU.ActiveCfg = Release|Any CPU
		{AB4FF705-013F-4394-ADA2-159F0EA4C924}.Release|Any CPU.Build.0 = Release|Any CPU
		{3D1C9075-9DC6-4296-9578-17A34B42D398}.Debug|Any CPU.ActiveCfg = Debug|Any CPU
		{3D1C9075-9DC6-4296-9578-17A34B42D398}.Debug|Any CPU.Build.0 = Debug|Any CPU
		{3D1C9075-9DC6-4296-9578-17A34B42D398}.Release|Any CPU.ActiveCfg = Release|Any CPU
		{3D1C9075-9DC6-4296-9578-17A34B42D398}.Release|Any CPU.Build.0 = Release|Any CPU
		{14F770BA-5868-4D25-8517-CA3FEB30E6E3}.Debug|Any CPU.ActiveCfg = Debug|Any CPU
		{14F770BA-5868-4D25-8517-CA3FEB30E6E3}.Debug|Any CPU.Build.0 = Debug|Any CPU
		{14F770BA-5868-4D25-8517-CA3FEB30E6E3}.Release|Any CPU.ActiveCfg = Release|Any CPU
		{14F770BA-5868-4D25-8517-CA3FEB30E6E3}.Release|Any CPU.Build.0 = Release|Any CPU
		{33A7C9A1-CE72-4E7F-9D31-99AF3961D255}.Debug|Any CPU.ActiveCfg = Debug|Any CPU
		{33A7C9A1-CE72-4E7F-9D31-99AF3961D255}.Debug|Any CPU.Build.0 = Debug|Any CPU
		{33A7C9A1-CE72-4E7F-9D31-99AF3961D255}.Release|Any CPU.ActiveCfg = Release|Any CPU
		{33A7C9A1-CE72-4E7F-9D31-99AF3961D255}.Release|Any CPU.Build.0 = Release|Any CPU
		{7BC1B2F9-6FC3-4F1A-BD22-5FBC8B68CF14}.Debug|Any CPU.ActiveCfg = Debug|Any CPU
		{7BC1B2F9-6FC3-4F1A-BD22-5FBC8B68CF14}.Debug|Any CPU.Build.0 = Debug|Any CPU
		{7BC1B2F9-6FC3-4F1A-BD22-5FBC8B68CF14}.Release|Any CPU.ActiveCfg = Release|Any CPU
		{7BC1B2F9-6FC3-4F1A-BD22-5FBC8B68CF14}.Release|Any CPU.Build.0 = Release|Any CPU
		{A9C4B4B6-45E6-4A7B-8A75-4F7C65D1B676}.Debug|Any CPU.ActiveCfg = Debug|Any CPU
		{A9C4B4B6-45E6-4A7B-8A75-4F7C65D1B676}.Debug|Any CPU.Build.0 = Debug|Any CPU
		{A9C4B4B6-45E6-4A7B-8A75-4F7C65D1B676}.Release|Any CPU.ActiveCfg = Release|Any CPU
		{A9C4B4B6-45E6-4A7B-8A75-4F7C65D1B676}.Release|Any CPU.Build.0 = Release|Any CPU
		{287B2A4D-4C5E-4F52-A5D3-1A8B8E1B0D5A}.Debug|Any CPU.ActiveCfg = Debug|Any CPU
		{287B2A4D-4C5E-4F52-A5D3-1A8B8E1B0D5A}.Debug|Any CPU.Build.0 = Debug|Any CPU
		{287B2A4D-4C5E-4F52-A5D3-1A8B8E1B0D5A}.Release|Any CPU.ActiveCfg = Release|Any CPU
		{287B2A4D-4C5E-4F52-A5D3-1A8B8E1B0D5A}.Release|Any CPU.Build.0 = Release|Any CPU
		{8B2B6F70-8E9C-4B79-8E3B-3A7D6D9A2C77}.Debug|Any CPU.ActiveCfg = Debug|Any CPU
		{8B2B6F70-8E9C-4B79-8E3B-3A7D6D9A2C77}.Debug|Any CPU.Build.0 = Debug|Any CPU
		{8B2B6F70-8E9C-4B79-8E3B-3A7D6D9A2C77}.Release|Any CPU.ActiveCfg = Release|Any CPU
		{8B2B6F70-8E9C-4B79-8E3B-3A7D6D9A2C77}.Release|Any CPU.Build.0 = Release|Any CPU
		{F8FCA8B8-62F5-4F3C-B564-7F2B6B6D0E9E}.Debug|Any CPU.ActiveCfg = Debug|Any CPU
		{F8FCA8B8-62F5-4F3C-B564-7F2B6B6D0E9E}.Debug|Any CPU.Build.0 = Debug|Any CPU
		{F8FCA8B8-62F5-4F3C-B564-7F2B6B6D0E9E}.Release|Any CPU.ActiveCfg = Release|Any CPU
		{F8FCA8B8-62F5-4F3C-B564-7F2B6B6D0E9E}.Release|Any CPU.Build.0 = Release|Any CPU
	EndGlobalSection
	GlobalSection(SolutionProperties) = preSolution
		HideSolutionNode = FALSE
	EndGlobalSection
	GlobalSection(NestedProjects) = preSolution
		{80A18431-F5BC-4B5F-8F9F-0E0B999F3702} = {FFE9F5A5-C410-44CF-B66C-42FF12498438}
		{95EF9CB0-BDB9-4362-B32A-ECD05EC67B45} = {80A18431-F5BC-4B5F-8F9F-0E0B999F3702}
		{06848360-0440-B5C9-1A42-F6E0A494A0C7} = {FFE9F5A5-C410-44CF-B66C-42FF12498438}
		{98D9E76C-38DE-6E77-CC45-525CAD445E7A} = {80A18431-F5BC-4B5F-8F9F-0E0B999F3702}
		{8C77457E-96CA-D800-6BAE-F15D0A7713D4} = {80A18431-F5BC-4B5F-8F9F-0E0B999F3702}
		{3E6BF845-35C7-4FA0-870D-7258BE273227} = {FFE9F5A5-C410-44CF-B66C-42FF12498438}
		{AB4FF705-013F-4394-ADA2-159F0EA4C924} = {FFE9F5A5-C410-44CF-B66C-42FF12498438}
		{3D1C9075-9DC6-4296-9578-17A34B42D398} = {FFE9F5A5-C410-44CF-B66C-42FF12498438}
		{14F770BA-5868-4D25-8517-CA3FEB30E6E3} = {FFE9F5A5-C410-44CF-B66C-42FF12498438}
		{344234D0-F8BC-48E8-8871-B7FEC711CF0A} = {02EA681E-C7D8-13C7-8484-4AC65E1B71E8}
		{752607B9-2E03-46C2-87A3-94DDCB4556B2} = {02EA681E-C7D8-13C7-8484-4AC65E1B71E8}
		{C005D4C0-BC57-4044-97F6-C6AB66310808} = {752607B9-2E03-46C2-87A3-94DDCB4556B2}
		{33A7C9A1-CE72-4E7F-9D31-99AF3961D255} = {09DD145F-4511-4FF5-BF08-1C62EF59D8E6}
		{7BC1B2F9-6FC3-4F1A-BD22-5FBC8B68CF14} = {09DD145F-4511-4FF5-BF08-1C62EF59D8E6}
		{A9C4B4B6-45E6-4A7B-8A75-4F7C65D1B676} = {09DD145F-4511-4FF5-BF08-1C62EF59D8E6}
		{287B2A4D-4C5E-4F52-A5D3-1A8B8E1B0D5A} = {09DD145F-4511-4FF5-BF08-1C62EF59D8E6}
		{8B2B6F70-8E9C-4B79-8E3B-3A7D6D9A2C77} = {09DD145F-4511-4FF5-BF08-1C62EF59D8E6}
		{F8FCA8B8-62F5-4F3C-B564-7F2B6B6D0E9E} = {09DD145F-4511-4FF5-BF08-1C62EF59D8E6}
	EndGlobalSection
	GlobalSection(ExtensibilityGlobals) = postSolution
		SolutionGuid = {89CEE123-5128-442B-8219-791EDEB04557}
	EndGlobalSection
EndGlobal
